
Microsoft Visual Studio Solution File, Format Version 12.00
# Visual Studio Version 17
VisualStudioVersion = 17.5.33414.496
MinimumVisualStudioVersion = 10.0.40219.1
Project("{2150E333-8FDC-42A3-9474-1A3956D46DE8}") = "proto", "proto", "{E4D82341-2241-482C-987C-382C79657398}"
	ProjectSection(SolutionItems) = preProject
		calculator.proto = calculator.proto
	EndProjectSection
EndProject
Project("{FAE04EC0-301F-11D3-BF4B-00C04F79EFBC}") = "Client", "Client\Client.csproj", "{2B0E784E-8454-4060-ADE5-15CA8ED718F6}"
EndProject
Project("{FAE04EC0-301F-11D3-BF4B-00C04F79EFBC}") = "Server", "Server\Server.csproj", "{334A673A-4D15-4166-AF96-AD04F207A1CC}"
EndProject
Global
	GlobalSection(SolutionConfigurationPlatforms) = preSolution
		Debug|Any CPU = Debug|Any CPU
		Release|Any CPU = Release|Any CPU
	EndGlobalSection
	GlobalSection(ProjectConfigurationPlatforms) = postSolution
		{2B0E784E-8454-4060-ADE5-15CA8ED718F6}.Debug|Any CPU.ActiveCfg = Debug|Any CPU
		{2B0E784E-8454-4060-ADE5-15CA8ED718F6}.Debug|Any CPU.Build.0 = Debug|Any CPU
		{2B0E784E-8454-4060-ADE5-15CA8ED718F6}.Release|Any CPU.ActiveCfg = Release|Any CPU
		{2B0E784E-8454-4060-ADE5-15CA8ED718F6}.Release|Any CPU.Build.0 = Release|Any CPU
		{334A673A-4D15-4166-AF96-AD04F207A1CC}.Debug|Any CPU.ActiveCfg = Debug|Any CPU
		{334A673A-4D15-4166-AF96-AD04F207A1CC}.Debug|Any CPU.Build.0 = Debug|Any CPU
		{334A673A-4D15-4166-AF96-AD04F207A1CC}.Release|Any CPU.ActiveCfg = Release|Any CPU
		{334A673A-4D15-4166-AF96-AD04F207A1CC}.Release|Any CPU.Build.0 = Release|Any CPU
	EndGlobalSection
	GlobalSection(SolutionProperties) = preSolution
		HideSolutionNode = FALSE
	EndGlobalSection
	GlobalSection(ExtensibilityGlobals) = postSolution
		SolutionGuid = {024C931C-20EA-46F9-8EB0-7524EAB85EBB}
	EndGlobalSection
EndGlobal
