
Microsoft Visual Studio Solution File, Format Version 12.00
# Visual Studio Version 17
VisualStudioVersion = 17.5.33414.496
MinimumVisualStudioVersion = 10.0.40219.1
Project("{2150E333-8FDC-42A3-9474-1A3956D46DE8}") = "proto", "proto", "{EA9B046F-F16D-4CE1-ABD3-368BB244814E}"
	ProjectSection(SolutionItems) = preProject
		greeting.proto = greeting.proto
	EndProjectSection
EndProject
Project("{FAE04EC0-301F-11D3-BF4B-00C04F79EFBC}") = "Client", "Client\Client.csproj", "{1F53E355-AF8C-4D61-AEEA-CD0E4316422C}"
EndProject
Project("{FAE04EC0-301F-11D3-BF4B-00C04F79EFBC}") = "Server", "Server\Server.csproj", "{C4345E4F-7769-41B8-8DC4-54102435C9F0}"
EndProject
Global
	GlobalSection(SolutionConfigurationPlatforms) = preSolution
		Debug|Any CPU = Debug|Any CPU
		Release|Any CPU = Release|Any CPU
	EndGlobalSection
	GlobalSection(ProjectConfigurationPlatforms) = postSolution
		{1F53E355-AF8C-4D61-AEEA-CD0E4316422C}.Debug|Any CPU.ActiveCfg = Debug|Any CPU
		{1F53E355-AF8C-4D61-AEEA-CD0E4316422C}.Debug|Any CPU.Build.0 = Debug|Any CPU
		{1F53E355-AF8C-4D61-AEEA-CD0E4316422C}.Release|Any CPU.ActiveCfg = Release|Any CPU
		{1F53E355-AF8C-4D61-AEEA-CD0E4316422C}.Release|Any CPU.Build.0 = Release|Any CPU
		{C4345E4F-7769-41B8-8DC4-54102435C9F0}.Debug|Any CPU.ActiveCfg = Debug|Any CPU
		{C4345E4F-7769-41B8-8DC4-54102435C9F0}.Debug|Any CPU.Build.0 = Debug|Any CPU
		{C4345E4F-7769-41B8-8DC4-54102435C9F0}.Release|Any CPU.ActiveCfg = Release|Any CPU
		{C4345E4F-7769-41B8-8DC4-54102435C9F0}.Release|Any CPU.Build.0 = Release|Any CPU
	EndGlobalSection
	GlobalSection(SolutionProperties) = preSolution
		HideSolutionNode = FALSE
	EndGlobalSection
	GlobalSection(ExtensibilityGlobals) = postSolution
		SolutionGuid = {2B6AB03A-01BE-44E4-904D-7AAA4AA3412A}
	EndGlobalSection
EndGlobal
